// !$*UTF8*$!
{
	archiveVersion = 1;
	classes = {
	};
	objectVersion = 50;
	objects = {

/* Begin PBXBuildFile section */
		D13236BC23C9959F00DD99E2 /* AppDelegate.swift in Sources */ = {isa = PBXBuildFile; fileRef = D13236BB23C9959F00DD99E2 /* AppDelegate.swift */; };
		D13236BE23C9959F00DD99E2 /* SceneDelegate.swift in Sources */ = {isa = PBXBuildFile; fileRef = D13236BD23C9959F00DD99E2 /* SceneDelegate.swift */; };
		D13236C023C9959F00DD99E2 /* ViewController.swift in Sources */ = {isa = PBXBuildFile; fileRef = D13236BF23C9959F00DD99E2 /* ViewController.swift */; };
		D13236C323C9959F00DD99E2 /* Main.storyboard in Resources */ = {isa = PBXBuildFile; fileRef = D13236C123C9959F00DD99E2 /* Main.storyboard */; };
		D13236C523C995A700DD99E2 /* Assets.xcassets in Resources */ = {isa = PBXBuildFile; fileRef = D13236C423C995A700DD99E2 /* Assets.xcassets */; };
		D13236C823C995A700DD99E2 /* LaunchScreen.storyboard in Resources */ = {isa = PBXBuildFile; fileRef = D13236C623C995A700DD99E2 /* LaunchScreen.storyboard */; };
		D13236D323C995A800DD99E2 /* tippyTests.swift in Sources */ = {isa = PBXBuildFile; fileRef = D13236D223C995A800DD99E2 /* tippyTests.swift */; };
		D13236DE23C995A800DD99E2 /* tippyUITests.swift in Sources */ = {isa = PBXBuildFile; fileRef = D13236DD23C995A800DD99E2 /* tippyUITests.swift */; };
/* End PBXBuildFile section */

/* Begin PBXContainerItemProxy section */
		D13236CF23C995A800DD99E2 /* PBXContainerItemProxy */ = {
			isa = PBXContainerItemProxy;
			containerPortal = D13236B023C9959F00DD99E2 /* Project object */;
			proxyType = 1;
			remoteGlobalIDString = D13236B723C9959F00DD99E2;
			remoteInfo = tippy;
		};
		D13236DA23C995A800DD99E2 /* PBXContainerItemProxy */ = {
			isa = PBXContainerItemProxy;
			containerPortal = D13236B023C9959F00DD99E2 /* Project object */;
			proxyType = 1;
			remoteGlobalIDString = D13236B723C9959F00DD99E2;
			remoteInfo = tippy;
		};
/* End PBXContainerItemProxy section */

/* Begin PBXFileReference section */
		D13236B823C9959F00DD99E2 /* tippy.app */ = {isa = PBXFileReference; explicitFileType = wrapper.application; includeInIndex = 0; path = tippy.app; sourceTree = BUILT_PRODUCTS_DIR; };
		D13236BB23C9959F00DD99E2 /* AppDelegate.swift */ = {isa = PBXFileReference; lastKnownFileType = sourcecode.swift; path = AppDelegate.swift; sourceTree = "<group>"; };
		D13236BD23C9959F00DD99E2 /* SceneDelegate.swift */ = {isa = PBXFileReference; lastKnownFileType = sourcecode.swift; path = SceneDelegate.swift; sourceTree = "<group>"; };
		D13236BF23C9959F00DD99E2 /* ViewController.swift */ = {isa = PBXFileReference; lastKnownFileType = sourcecode.swift; path = ViewController.swift; sourceTree = "<group>"; };
		D13236C223C9959F00DD99E2 /* Base */ = {isa = PBXFileReference; lastKnownFileType = file.storyboard; name = Base; path = Base.lproj/Main.storyboard; sourceTree = "<group>"; };
		D13236C423C995A700DD99E2 /* Assets.xcassets */ = {isa = PBXFileReference; lastKnownFileType = folder.assetcatalog; path = Assets.xcassets; sourceTree = "<group>"; };
		D13236C723C995A700DD99E2 /* Base */ = {isa = PBXFileReference; lastKnownFileType = file.storyboard; name = Base; path = Base.lproj/LaunchScreen.storyboard; sourceTree = "<group>"; };
		D13236C923C995A700DD99E2 /* Info.plist */ = {isa = PBXFileReference; lastKnownFileType = text.plist.xml; path = Info.plist; sourceTree = "<group>"; };
		D13236CE23C995A800DD99E2 /* tippyTests.xctest */ = {isa = PBXFileReference; explicitFileType = wrapper.cfbundle; includeInIndex = 0; path = tippyTests.xctest; sourceTree = BUILT_PRODUCTS_DIR; };
		D13236D223C995A800DD99E2 /* tippyTests.swift */ = {isa = PBXFileReference; lastKnownFileType = sourcecode.swift; path = tippyTests.swift; sourceTree = "<group>"; };
		D13236D423C995A800DD99E2 /* Info.plist */ = {isa = PBXFileReference; lastKnownFileType = text.plist.xml; path = Info.plist; sourceTree = "<group>"; };
		D13236D923C995A800DD99E2 /* tippyUITests.xctest */ = {isa = PBXFileReference; explicitFileType = wrapper.cfbundle; includeInIndex = 0; path = tippyUITests.xctest; sourceTree = BUILT_PRODUCTS_DIR; };
		D13236DD23C995A800DD99E2 /* tippyUITests.swift */ = {isa = PBXFileReference; lastKnownFileType = sourcecode.swift; path = tippyUITests.swift; sourceTree = "<group>"; };
		D13236DF23C995A800DD99E2 /* Info.plist */ = {isa = PBXFileReference; lastKnownFileType = text.plist.xml; path = Info.plist; sourceTree = "<group>"; };
/* End PBXFileReference section */

/* Begin PBXFrameworksBuildPhase section */
		D13236B523C9959F00DD99E2 /* Frameworks */ = {
			isa = PBXFrameworksBuildPhase;
			buildActionMask = 2147483647;
			files = (
			);
			runOnlyForDeploymentPostprocessing = 0;
		};
		D13236CB23C995A800DD99E2 /* Frameworks */ = {
			isa = PBXFrameworksBuildPhase;
			buildActionMask = 2147483647;
			files = (
			);
			runOnlyForDeploymentPostprocessing = 0;
		};
		D13236D623C995A800DD99E2 /* Frameworks */ = {
			isa = PBXFrameworksBuildPhase;
			buildActionMask = 2147483647;
			files = (
			);
			runOnlyForDeploymentPostprocessing = 0;
		};
/* End PBXFrameworksBuildPhase section */

/* Begin PBXGroup section */
		D13236AF23C9959F00DD99E2 = {
			isa = PBXGroup;
			children = (
				D13236BA23C9959F00DD99E2 /* tippy */,
				D13236D123C995A800DD99E2 /* tippyTests */,
				D13236DC23C995A800DD99E2 /* tippyUITests */,
				D13236B923C9959F00DD99E2 /* Products */,
			);
			sourceTree = "<group>";
		};
		D13236B923C9959F00DD99E2 /* Products */ = {
			isa = PBXGroup;
			children = (
				D13236B823C9959F00DD99E2 /* tippy.app */,
				D13236CE23C995A800DD99E2 /* tippyTests.xctest */,
				D13236D923C995A800DD99E2 /* tippyUITests.xctest */,
			);
			name = Products;
			sourceTree = "<group>";
		};
		D13236BA23C9959F00DD99E2 /* tippy */ = {
			isa = PBXGroup;
			children = (
				D13236BB23C9959F00DD99E2 /* AppDelegate.swift */,
				D13236BD23C9959F00DD99E2 /* SceneDelegate.swift */,
				D13236BF23C9959F00DD99E2 /* ViewController.swift */,
				D13236C123C9959F00DD99E2 /* Main.storyboard */,
				D13236C423C995A700DD99E2 /* Assets.xcassets */,
				D13236C623C995A700DD99E2 /* LaunchScreen.storyboard */,
				D13236C923C995A700DD99E2 /* Info.plist */,
			);
			path = tippy;
			sourceTree = "<group>";
		};
		D13236D123C995A800DD99E2 /* tippyTests */ = {
			isa = PBXGroup;
			children = (
				D13236D223C995A800DD99E2 /* tippyTests.swift */,
				D13236D423C995A800DD99E2 /* Info.plist */,
			);
			path = tippyTests;
			sourceTree = "<group>";
		};
		D13236DC23C995A800DD99E2 /* tippyUITests */ = {
			isa = PBXGroup;
			children = (
				D13236DD23C995A800DD99E2 /* tippyUITests.swift */,
				D13236DF23C995A800DD99E2 /* Info.plist */,
			);
			path = tippyUITests;
			sourceTree = "<group>";
		};
/* End PBXGroup section */

/* Begin PBXNativeTarget section */
		D13236B723C9959F00DD99E2 /* tippy */ = {
			isa = PBXNativeTarget;
			buildConfigurationList = D13236E223C995A800DD99E2 /* Build configuration list for PBXNativeTarget "tippy" */;
			buildPhases = (
				D13236B423C9959F00DD99E2 /* Sources */,
				D13236B523C9959F00DD99E2 /* Frameworks */,
				D13236B623C9959F00DD99E2 /* Resources */,
			);
			buildRules = (
			);
			dependencies = (
			);
			name = tippy;
			productName = tippy;
			productReference = D13236B823C9959F00DD99E2 /* tippy.app */;
			productType = "com.apple.product-type.application";
		};
		D13236CD23C995A800DD99E2 /* tippyTests */ = {
			isa = PBXNativeTarget;
			buildConfigurationList = D13236E523C995A800DD99E2 /* Build configuration list for PBXNativeTarget "tippyTests" */;
			buildPhases = (
				D13236CA23C995A800DD99E2 /* Sources */,
				D13236CB23C995A800DD99E2 /* Frameworks */,
				D13236CC23C995A800DD99E2 /* Resources */,
			);
			buildRules = (
			);
			dependencies = (
				D13236D023C995A800DD99E2 /* PBXTargetDependency */,
			);
			name = tippyTests;
			productName = tippyTests;
			productReference = D13236CE23C995A800DD99E2 /* tippyTests.xctest */;
			productType = "com.apple.product-type.bundle.unit-test";
		};
		D13236D823C995A800DD99E2 /* tippyUITests */ = {
			isa = PBXNativeTarget;
			buildConfigurationList = D13236E823C995A800DD99E2 /* Build configuration list for PBXNativeTarget "tippyUITests" */;
			buildPhases = (
				D13236D523C995A800DD99E2 /* Sources */,
				D13236D623C995A800DD99E2 /* Frameworks */,
				D13236D723C995A800DD99E2 /* Resources */,
			);
			buildRules = (
			);
			dependencies = (
				D13236DB23C995A800DD99E2 /* PBXTargetDependency */,
			);
			name = tippyUITests;
			productName = tippyUITests;
			productReference = D13236D923C995A800DD99E2 /* tippyUITests.xctest */;
			productType = "com.apple.product-type.bundle.ui-testing";
		};
/* End PBXNativeTarget section */

/* Begin PBXProject section */
		D13236B023C9959F00DD99E2 /* Project object */ = {
			isa = PBXProject;
			attributes = {
				LastSwiftUpdateCheck = 1130;
				LastUpgradeCheck = 1130;
				ORGANIZATIONNAME = "Richard Hsu";
				TargetAttributes = {
					D13236B723C9959F00DD99E2 = {
						CreatedOnToolsVersion = 11.3;
					};
					D13236CD23C995A800DD99E2 = {
						CreatedOnToolsVersion = 11.3;
						TestTargetID = D13236B723C9959F00DD99E2;
					};
					D13236D823C995A800DD99E2 = {
						CreatedOnToolsVersion = 11.3;
						TestTargetID = D13236B723C9959F00DD99E2;
					};
				};
			};
			buildConfigurationList = D13236B323C9959F00DD99E2 /* Build configuration list for PBXProject "tippy" */;
			compatibilityVersion = "Xcode 9.3";
			developmentRegion = en;
			hasScannedForEncodings = 0;
			knownRegions = (
				en,
				Base,
			);
			mainGroup = D13236AF23C9959F00DD99E2;
			productRefGroup = D13236B923C9959F00DD99E2 /* Products */;
			projectDirPath = "";
			projectRoot = "";
			targets = (
				D13236B723C9959F00DD99E2 /* tippy */,
				D13236CD23C995A800DD99E2 /* tippyTests */,
				D13236D823C995A800DD99E2 /* tippyUITests */,
			);
		};
/* End PBXProject section */

/* Begin PBXResourcesBuildPhase section */
		D13236B623C9959F00DD99E2 /* Resources */ = {
			isa = PBXResourcesBuildPhase;
			buildActionMask = 2147483647;
			files = (
				D13236C823C995A700DD99E2 /* LaunchScreen.storyboard in Resources */,
				D13236C523C995A700DD99E2 /* Assets.xcassets in Resources */,
				D13236C323C9959F00DD99E2 /* Main.storyboard in Resources */,
			);
			runOnlyForDeploymentPostprocessing = 0;
		};
		D13236CC23C995A800DD99E2 /* Resources */ = {
			isa = PBXResourcesBuildPhase;
			buildActionMask = 2147483647;
			files = (
			);
			runOnlyForDeploymentPostprocessing = 0;
		};
		D13236D723C995A800DD99E2 /* Resources */ = {
			isa = PBXResourcesBuildPhase;
			buildActionMask = 2147483647;
			files = (
			);
			runOnlyForDeploymentPostprocessing = 0;
		};
/* End PBXResourcesBuildPhase section */

/* Begin PBXSourcesBuildPhase section */
		D13236B423C9959F00DD99E2 /* Sources */ = {
			isa = PBXSourcesBuildPhase;
			buildActionMask = 2147483647;
			files = (
				D13236C023C9959F00DD99E2 /* ViewController.swift in Sources */,
				D13236BC23C9959F00DD99E2 /* AppDelegate.swift in Sources */,
				D13236BE23C9959F00DD99E2 /* SceneDelegate.swift in Sources */,
			);
			runOnlyForDeploymentPostprocessing = 0;
		};
		D13236CA23C995A800DD99E2 /* Sources */ = {
			isa = PBXSourcesBuildPhase;
			buildActionMask = 2147483647;
			files = (
				D13236D323C995A800DD99E2 /* tippyTests.swift in Sources */,
			);
			runOnlyForDeploymentPostprocessing = 0;
		};
		D13236D523C995A800DD99E2 /* Sources */ = {
			isa = PBXSourcesBuildPhase;
			buildActionMask = 2147483647;
			files = (
				D13236DE23C995A800DD99E2 /* tippyUITests.swift in Sources */,
			);
			runOnlyForDeploymentPostprocessing = 0;
		};
/* End PBXSourcesBuildPhase section */

/* Begin PBXTargetDependency section */
		D13236D023C995A800DD99E2 /* PBXTargetDependency */ = {
			isa = PBXTargetDependency;
			target = D13236B723C9959F00DD99E2 /* tippy */;
			targetProxy = D13236CF23C995A800DD99E2 /* PBXContainerItemProxy */;
		};
		D13236DB23C995A800DD99E2 /* PBXTargetDependency */ = {
			isa = PBXTargetDependency;
			target = D13236B723C9959F00DD99E2 /* tippy */;
			targetProxy = D13236DA23C995A800DD99E2 /* PBXContainerItemProxy */;
		};
/* End PBXTargetDependency section */

/* Begin PBXVariantGroup section */
		D13236C123C9959F00DD99E2 /* Main.storyboard */ = {
			isa = PBXVariantGroup;
			children = (
				D13236C223C9959F00DD99E2 /* Base */,
			);
			name = Main.storyboard;
			sourceTree = "<group>";
		};
		D13236C623C995A700DD99E2 /* LaunchScreen.storyboard */ = {
			isa = PBXVariantGroup;
			children = (
				D13236C723C995A700DD99E2 /* Base */,
			);
			name = LaunchScreen.storyboard;
			sourceTree = "<group>";
		};
/* End PBXVariantGroup section */

/* Begin XCBuildConfiguration section */
		D13236E023C995A800DD99E2 /* Debug */ = {
			isa = XCBuildConfiguration;
			buildSettings = {
				ALWAYS_SEARCH_USER_PATHS = NO;
				CLANG_ANALYZER_NONNULL = YES;
				CLANG_ANALYZER_NUMBER_OBJECT_CONVERSION = YES_AGGRESSIVE;
				CLANG_CXX_LANGUAGE_STANDARD = "gnu++14";
				CLANG_CXX_LIBRARY = "libc++";
				CLANG_ENABLE_MODULES = YES;
				CLANG_ENABLE_OBJC_ARC = YES;
				CLANG_ENABLE_OBJC_WEAK = YES;
				CLANG_WARN_BLOCK_CAPTURE_AUTORELEASING = YES;
				CLANG_WARN_BOOL_CONVERSION = YES;
				CLANG_WARN_COMMA = YES;
				CLANG_WARN_CONSTANT_CONVERSION = YES;
				CLANG_WARN_DEPRECATED_OBJC_IMPLEMENTATIONS = YES;
				CLANG_WARN_DIRECT_OBJC_ISA_USAGE = YES_ERROR;
				CLANG_WARN_DOCUMENTATION_COMMENTS = YES;
				CLANG_WARN_EMPTY_BODY = YES;
				CLANG_WARN_ENUM_CONVERSION = YES;
				CLANG_WARN_INFINITE_RECURSION = YES;
				CLANG_WARN_INT_CONVERSION = YES;
				CLANG_WARN_NON_LITERAL_NULL_CONVERSION = YES;
				CLANG_WARN_OBJC_IMPLICIT_RETAIN_SELF = YES;
				CLANG_WARN_OBJC_LITERAL_CONVERSION = YES;
				CLANG_WARN_OBJC_ROOT_CLASS = YES_ERROR;
				CLANG_WARN_RANGE_LOOP_ANALYSIS = YES;
				CLANG_WARN_STRICT_PROTOTYPES = YES;
				CLANG_WARN_SUSPICIOUS_MOVE = YES;
				CLANG_WARN_UNGUARDED_AVAILABILITY = YES_AGGRESSIVE;
				CLANG_WARN_UNREACHABLE_CODE = YES;
				CLANG_WARN__DUPLICATE_METHOD_MATCH = YES;
				COPY_PHASE_STRIP = NO;
				DEBUG_INFORMATION_FORMAT = dwarf;
				ENABLE_STRICT_OBJC_MSGSEND = YES;
				ENABLE_TESTABILITY = YES;
				GCC_C_LANGUAGE_STANDARD = gnu11;
				GCC_DYNAMIC_NO_PIC = NO;
				GCC_NO_COMMON_BLOCKS = YES;
				GCC_OPTIMIZATION_LEVEL = 0;
				GCC_PREPROCESSOR_DEFINITIONS = (
					"DEBUG=1",
					"$(inherited)",
				);
				GCC_WARN_64_TO_32_BIT_CONVERSION = YES;
				GCC_WARN_ABOUT_RETURN_TYPE = YES_ERROR;
				GCC_WARN_UNDECLARED_SELECTOR = YES;
				GCC_WARN_UNINITIALIZED_AUTOS = YES_AGGRESSIVE;
				GCC_WARN_UNUSED_FUNCTION = YES;
				GCC_WARN_UNUSED_VARIABLE = YES;
				IPHONEOS_DEPLOYMENT_TARGET = 13.2;
				MTL_ENABLE_DEBUG_INFO = INCLUDE_SOURCE;
				MTL_FAST_MATH = YES;
				ONLY_ACTIVE_ARCH = YES;
				SDKROOT = iphoneos;
				SWIFT_ACTIVE_COMPILATION_CONDITIONS = DEBUG;
				SWIFT_OPTIMIZATION_LEVEL = "-Onone";
			};
			name = Debug;
		};
		D13236E123C995A800DD99E2 /* Release */ = {
			isa = XCBuildConfiguration;
			buildSettings = {
				ALWAYS_SEARCH_USER_PATHS = NO;
				CLANG_ANALYZER_NONNULL = YES;
				CLANG_ANALYZER_NUMBER_OBJECT_CONVERSION = YES_AGGRESSIVE;
				CLANG_CXX_LANGUAGE_STANDARD = "gnu++14";
				CLANG_CXX_LIBRARY = "libc++";
				CLANG_ENABLE_MODULES = YES;
				CLANG_ENABLE_OBJC_ARC = YES;
				CLANG_ENABLE_OBJC_WEAK = YES;
				CLANG_WARN_BLOCK_CAPTURE_AUTORELEASING = YES;
				CLANG_WARN_BOOL_CONVERSION = YES;
				CLANG_WARN_COMMA = YES;
				CLANG_WARN_CONSTANT_CONVERSION = YES;
				CLANG_WARN_DEPRECATED_OBJC_IMPLEMENTATIONS = YES;
				CLANG_WARN_DIRECT_OBJC_ISA_USAGE = YES_ERROR;
				CLANG_WARN_DOCUMENTATION_COMMENTS = YES;
				CLANG_WARN_EMPTY_BODY = YES;
				CLANG_WARN_ENUM_CONVERSION = YES;
				CLANG_WARN_INFINITE_RECURSION = YES;
				CLANG_WARN_INT_CONVERSION = YES;
				CLANG_WARN_NON_LITERAL_NULL_CONVERSION = YES;
				CLANG_WARN_OBJC_IMPLICIT_RETAIN_SELF = YES;
				CLANG_WARN_OBJC_LITERAL_CONVERSION = YES;
				CLANG_WARN_OBJC_ROOT_CLASS = YES_ERROR;
				CLANG_WARN_RANGE_LOOP_ANALYSIS = YES;
				CLANG_WARN_STRICT_PROTOTYPES = YES;
				CLANG_WARN_SUSPICIOUS_MOVE = YES;
				CLANG_WARN_UNGUARDED_AVAILABILITY = YES_AGGRESSIVE;
				CLANG_WARN_UNREACHABLE_CODE = YES;
				CLANG_WARN__DUPLICATE_METHOD_MATCH = YES;
				COPY_PHASE_STRIP = NO;
				DEBUG_INFORMATION_FORMAT = "dwarf-with-dsym";
				ENABLE_NS_ASSERTIONS = NO;
				ENABLE_STRICT_OBJC_MSGSEND = YES;
				GCC_C_LANGUAGE_STANDARD = gnu11;
				GCC_NO_COMMON_BLOCKS = YES;
				GCC_WARN_64_TO_32_BIT_CONVERSION = YES;
				GCC_WARN_ABOUT_RETURN_TYPE = YES_ERROR;
				GCC_WARN_UNDECLARED_SELECTOR = YES;
				GCC_WARN_UNINITIALIZED_AUTOS = YES_AGGRESSIVE;
				GCC_WARN_UNUSED_FUNCTION = YES;
				GCC_WARN_UNUSED_VARIABLE = YES;
				IPHONEOS_DEPLOYMENT_TARGET = 13.2;
				MTL_ENABLE_DEBUG_INFO = NO;
				MTL_FAST_MATH = YES;
				SDKROOT = iphoneos;
				SWIFT_COMPILATION_MODE = wholemodule;
				SWIFT_OPTIMIZATION_LEVEL = "-O";
				VALIDATE_PRODUCT = YES;
			};
			name = Release;
		};
		D13236E323C995A800DD99E2 /* Debug */ = {
			isa = XCBuildConfiguration;
			buildSettings = {
				ASSETCATALOG_COMPILER_APPICON_NAME = AppIcon;
				CODE_SIGN_STYLE = Automatic;
				INFOPLIST_FILE = tippy/Info.plist;
				LD_RUNPATH_SEARCH_PATHS = (
					"$(inherited)",
					"@executable_path/Frameworks",
				);
				PRODUCT_BUNDLE_IDENTIFIER = richardhsu.tippy;
				PRODUCT_NAME = "$(TARGET_NAME)";
				SWIFT_VERSION = 5.0;
				TARGETED_DEVICE_FAMILY = "1,2";
			};
			name = Debug;
		};
		D13236E423C995A800DD99E2 /* Release */ = {
			isa = XCBuildConfiguration;
			buildSettings = {
				ASSETCATALOG_COMPILER_APPICON_NAME = AppIcon;
				CODE_SIGN_STYLE = Automatic;
				INFOPLIST_FILE = tippy/Info.plist;
				LD_RUNPATH_SEARCH_PATHS = (
					"$(inherited)",
					"@executable_path/Frameworks",
				);
				PRODUCT_BUNDLE_IDENTIFIER = richardhsu.tippy;
				PRODUCT_NAME = "$(TARGET_NAME)";
				SWIFT_VERSION = 5.0;
				TARGETED_DEVICE_FAMILY = "1,2";
			};
			name = Release;
		};
		D13236E623C995A800DD99E2 /* Debug */ = {
			isa = XCBuildConfiguration;
			buildSettings = {
				ALWAYS_EMBED_SWIFT_STANDARD_LIBRARIES = YES;
				BUNDLE_LOADER = "$(TEST_HOST)";
				CODE_SIGN_STYLE = Automatic;
				INFOPLIST_FILE = tippyTests/Info.plist;
				IPHONEOS_DEPLOYMENT_TARGET = 13.2;
				LD_RUNPATH_SEARCH_PATHS = (
					"$(inherited)",
					"@executable_path/Frameworks",
					"@loader_path/Frameworks",
				);
				PRODUCT_BUNDLE_IDENTIFIER = richardhsu.tippyTests;
				PRODUCT_NAME = "$(TARGET_NAME)";
				SWIFT_VERSION = 5.0;
				TARGETED_DEVICE_FAMILY = "1,2";
				TEST_HOST = "$(BUILT_PRODUCTS_DIR)/tippy.app/tippy";
			};
			name = Debug;
		};
		D13236E723C995A800DD99E2 /* Release */ = {
			isa = XCBuildConfiguration;
			buildSettings = {
				ALWAYS_EMBED_SWIFT_STANDARD_LIBRARIES = YES;
				BUNDLE_LOADER = "$(TEST_HOST)";
				CODE_SIGN_STYLE = Automatic;
				INFOPLIST_FILE = tippyTests/Info.plist;
				IPHONEOS_DEPLOYMENT_TARGET = 13.2;
				LD_RUNPATH_SEARCH_PATHS = (
					"$(inherited)",
					"@executable_path/Frameworks",
					"@loader_path/Frameworks",
				);
				PRODUCT_BUNDLE_IDENTIFIER = richardhsu.tippyTests;
				PRODUCT_NAME = "$(TARGET_NAME)";
				SWIFT_VERSION = 5.0;
				TARGETED_DEVICE_FAMILY = "1,2";
				TEST_HOST = "$(BUILT_PRODUCTS_DIR)/tippy.app/tippy";
			};
			name = Release;
		};
		D13236E923C995A800DD99E2 /* Debug */ = {
			isa = XCBuildConfiguration;
			buildSettings = {
				ALWAYS_EMBED_SWIFT_STANDARD_LIBRARIES = YES;
				CODE_SIGN_STYLE = Automatic;
				INFOPLIST_FILE = tippyUITests/Info.plist;
				LD_RUNPATH_SEARCH_PATHS = (
					"$(inherited)",
					"@executable_path/Frameworks",
					"@loader_path/Frameworks",
				);
				PRODUCT_BUNDLE_IDENTIFIER = richardhsu.tippyUITests;
				PRODUCT_NAME = "$(TARGET_NAME)";
				SWIFT_VERSION = 5.0;
				TARGETED_DEVICE_FAMILY = "1,2";
				TEST_TARGET_NAME = tippy;
			};
			name = Debug;
		};
		D13236EA23C995A800DD99E2 /* Release */ = {
			isa = XCBuildConfiguration;
			buildSettings = {
				ALWAYS_EMBED_SWIFT_STANDARD_LIBRARIES = YES;
				CODE_SIGN_STYLE = Automatic;
				INFOPLIST_FILE = tippyUITests/Info.plist;
				LD_RUNPATH_SEARCH_PATHS = (
					"$(inherited)",
					"@executable_path/Frameworks",
					"@loader_path/Frameworks",
				);
				PRODUCT_BUNDLE_IDENTIFIER = richardhsu.tippyUITests;
				PRODUCT_NAME = "$(TARGET_NAME)";
				SWIFT_VERSION = 5.0;
				TARGETED_DEVICE_FAMILY = "1,2";
				TEST_TARGET_NAME = tippy;
			};
			name = Release;
		};
/* End XCBuildConfiguration section */

/* Begin XCConfigurationList section */
		D13236B323C9959F00DD99E2 /* Build configuration list for PBXProject "tippy" */ = {
			isa = XCConfigurationList;
			buildConfigurations = (
				D13236E023C995A800DD99E2 /* Debug */,
				D13236E123C995A800DD99E2 /* Release */,
			);
			defaultConfigurationIsVisible = 0;
			defaultConfigurationName = Release;
		};
		D13236E223C995A800DD99E2 /* Build configuration list for PBXNativeTarget "tippy" */ = {
			isa = XCConfigurationList;
			buildConfigurations = (
				D13236E323C995A800DD99E2 /* Debug */,
				D13236E423C995A800DD99E2 /* Release */,
			);
			defaultConfigurationIsVisible = 0;
			defaultConfigurationName = Release;
		};
		D13236E523C995A800DD99E2 /* Build configuration list for PBXNativeTarget "tippyTests" */ = {
			isa = XCConfigurationList;
			buildConfigurations = (
				D13236E623C995A800DD99E2 /* Debug */,
				D13236E723C995A800DD99E2 /* Release */,
			);
			defaultConfigurationIsVisible = 0;
			defaultConfigurationName = Release;
		};
		D13236E823C995A800DD99E2 /* Build configuration list for PBXNativeTarget "tippyUITests" */ = {
			isa = XCConfigurationList;
			buildConfigurations = (
				D13236E923C995A800DD99E2 /* Debug */,
				D13236EA23C995A800DD99E2 /* Release */,
			);
			defaultConfigurationIsVisible = 0;
			defaultConfigurationName = Release;
		};
/* End XCConfigurationList section */
	};
	rootObject = D13236B023C9959F00DD99E2 /* Project object */;
}
